
Microsoft Visual Studio Solution File, Format Version 12.00
# Visual Studio Version 17
VisualStudioVersion = 17.5.33414.496
MinimumVisualStudioVersion = 10.0.40219.1
Project("{FAE04EC0-301F-11D3-BF4B-00C04F79EFBC}") = "WebApplication1", "WebApplication1\WebApplication1.csproj", "{A654B56F-9858-43DF-BB07-99BA88A6B71B}"
EndProject
Global
	GlobalSection(SolutionConfigurationPlatforms) = preSolution
		Debug|Any CPU = Debug|Any CPU
		Release|Any CPU = Release|Any CPU
	EndGlobalSection
	GlobalSection(ProjectConfigurationPlatforms) = postSolution
		{A654B56F-9858-43DF-BB07-99BA88A6B71B}.Debug|Any CPU.ActiveCfg = Debug|Any CPU
		{A654B56F-9858-43DF-BB07-99BA88A6B71B}.Debug|Any CPU.Build.0 = Debug|Any CPU
		{A654B56F-9858-43DF-BB07-99BA88A6B71B}.Release|Any CPU.ActiveCfg = Release|Any CPU
		{A654B56F-9858-43DF-BB07-99BA88A6B71B}.Release|Any CPU.Build.0 = Release|Any CPU
	EndGlobalSection
	GlobalSection(SolutionProperties) = preSolution
		HideSolutionNode = FALSE
	EndGlobalSection
	GlobalSection(ExtensibilityGlobals) = postSolution
		SolutionGuid = {663C0AD4-50A1-478C-99A7-46D18181E0DB}
	EndGlobalSection
EndGlobal
